
Microsoft Visual Studio Solution File, Format Version 12.00
# Visual Studio Version 17
VisualStudioVersion = 17.13.35825.156
MinimumVisualStudioVersion = 10.0.40219.1
Project("{FAE04EC0-301F-11D3-BF4B-00C04F79EFBC}") = "EventEase", "EventEase\EventEase.csproj", "{CDFA6487-DACA-4813-8E99-85FEE8ABB2D8}"
EndProject
Global
	GlobalSection(SolutionConfigurationPlatforms) = preSolution
		Debug|Any CPU = Debug|Any CPU
		Release|Any CPU = Release|Any CPU
	EndGlobalSection
	GlobalSection(ProjectConfigurationPlatforms) = postSolution
		{CDFA6487-DACA-4813-8E99-85FEE8ABB2D8}.Debug|Any CPU.ActiveCfg = Debug|Any CPU
		{CDFA6487-DACA-4813-8E99-85FEE8ABB2D8}.Debug|Any CPU.Build.0 = Debug|Any CPU
		{CDFA6487-DACA-4813-8E99-85FEE8ABB2D8}.Release|Any CPU.ActiveCfg = Release|Any CPU
		{CDFA6487-DACA-4813-8E99-85FEE8ABB2D8}.Release|Any CPU.Build.0 = Release|Any CPU
	EndGlobalSection
	GlobalSection(SolutionProperties) = preSolution
		HideSolutionNode = FALSE
	EndGlobalSection
	GlobalSection(ExtensibilityGlobals) = postSolution
		SolutionGuid = {47865A8C-9D2E-4709-A447-1DDB7966CD9F}
	EndGlobalSection
EndGlobal
